// !$*UTF8*$!
{
	archiveVersion = 1;
	classes = {
	};
	objectVersion = 50;
	objects = {

/* Begin PBXBuildFile section */
		79BC7B5321181CDA00B1E421 /* AppDelegate.swift in Sources */ = {isa = PBXBuildFile; fileRef = 79BC7B5221181CDA00B1E421 /* AppDelegate.swift */; };
		79BC7B5521181CDA00B1E421 /* ViewController.swift in Sources */ = {isa = PBXBuildFile; fileRef = 79BC7B5421181CDA00B1E421 /* ViewController.swift */; };
		79BC7B5721181CDC00B1E421 /* Assets.xcassets in Resources */ = {isa = PBXBuildFile; fileRef = 79BC7B5621181CDC00B1E421 /* Assets.xcassets */; };
		79BC7B5A21181CDC00B1E421 /* Main.storyboard in Resources */ = {isa = PBXBuildFile; fileRef = 79BC7B5821181CDC00B1E421 /* Main.storyboard */; };
		79BC7B6621181CDC00B1E421 /* PlotTests.swift in Sources */ = {isa = PBXBuildFile; fileRef = 79BC7B6521181CDC00B1E421 /* PlotTests.swift */; };
		79BC7B7121181CDC00B1E421 /* PlotUITests.swift in Sources */ = {isa = PBXBuildFile; fileRef = 79BC7B7021181CDC00B1E421 /* PlotUITests.swift */; };
		79BC7B8121181FCC00B1E421 /* ITSwitch.m in Sources */ = {isa = PBXBuildFile; fileRef = 79BC7B7F21181FCB00B1E421 /* ITSwitch.m */; };
		79BC7B8321182E8600B1E421 /* Drawing.swift in Sources */ = {isa = PBXBuildFile; fileRef = 79BC7B8221182E8600B1E421 /* Drawing.swift */; };
		79BC7B8521186CFA00B1E421 /* PlotView.swift in Sources */ = {isa = PBXBuildFile; fileRef = 79BC7B8421186CFA00B1E421 /* PlotView.swift */; };
/* End PBXBuildFile section */

/* Begin PBXContainerItemProxy section */
		79BC7B6221181CDC00B1E421 /* PBXContainerItemProxy */ = {
			isa = PBXContainerItemProxy;
			containerPortal = 79BC7B4721181CDA00B1E421 /* Project object */;
			proxyType = 1;
			remoteGlobalIDString = 79BC7B4E21181CDA00B1E421;
			remoteInfo = Plot;
		};
		79BC7B6D21181CDC00B1E421 /* PBXContainerItemProxy */ = {
			isa = PBXContainerItemProxy;
			containerPortal = 79BC7B4721181CDA00B1E421 /* Project object */;
			proxyType = 1;
			remoteGlobalIDString = 79BC7B4E21181CDA00B1E421;
			remoteInfo = Plot;
		};
/* End PBXContainerItemProxy section */

/* Begin PBXFileReference section */
		79BC7B4F21181CDA00B1E421 /* Plot.app */ = {isa = PBXFileReference; explicitFileType = wrapper.application; includeInIndex = 0; path = Plot.app; sourceTree = BUILT_PRODUCTS_DIR; };
		79BC7B5221181CDA00B1E421 /* AppDelegate.swift */ = {isa = PBXFileReference; lastKnownFileType = sourcecode.swift; path = AppDelegate.swift; sourceTree = "<group>"; };
		79BC7B5421181CDA00B1E421 /* ViewController.swift */ = {isa = PBXFileReference; lastKnownFileType = sourcecode.swift; path = ViewController.swift; sourceTree = "<group>"; };
		79BC7B5621181CDC00B1E421 /* Assets.xcassets */ = {isa = PBXFileReference; lastKnownFileType = folder.assetcatalog; path = Assets.xcassets; sourceTree = "<group>"; };
		79BC7B5921181CDC00B1E421 /* Base */ = {isa = PBXFileReference; lastKnownFileType = file.storyboard; name = Base; path = Base.lproj/Main.storyboard; sourceTree = "<group>"; };
		79BC7B5B21181CDC00B1E421 /* Info.plist */ = {isa = PBXFileReference; lastKnownFileType = text.plist.xml; path = Info.plist; sourceTree = "<group>"; };
		79BC7B5C21181CDC00B1E421 /* Plot.entitlements */ = {isa = PBXFileReference; lastKnownFileType = text.plist.entitlements; path = Plot.entitlements; sourceTree = "<group>"; };
		79BC7B6121181CDC00B1E421 /* PlotTests.xctest */ = {isa = PBXFileReference; explicitFileType = wrapper.cfbundle; includeInIndex = 0; path = PlotTests.xctest; sourceTree = BUILT_PRODUCTS_DIR; };
		79BC7B6521181CDC00B1E421 /* PlotTests.swift */ = {isa = PBXFileReference; lastKnownFileType = sourcecode.swift; path = PlotTests.swift; sourceTree = "<group>"; };
		79BC7B6721181CDC00B1E421 /* Info.plist */ = {isa = PBXFileReference; lastKnownFileType = text.plist.xml; path = Info.plist; sourceTree = "<group>"; };
		79BC7B6C21181CDC00B1E421 /* PlotUITests.xctest */ = {isa = PBXFileReference; explicitFileType = wrapper.cfbundle; includeInIndex = 0; path = PlotUITests.xctest; sourceTree = BUILT_PRODUCTS_DIR; };
		79BC7B7021181CDC00B1E421 /* PlotUITests.swift */ = {isa = PBXFileReference; lastKnownFileType = sourcecode.swift; path = PlotUITests.swift; sourceTree = "<group>"; };
		79BC7B7221181CDC00B1E421 /* Info.plist */ = {isa = PBXFileReference; lastKnownFileType = text.plist.xml; path = Info.plist; sourceTree = "<group>"; };
		79BC7B7E21181FCA00B1E421 /* Plot-Bridging-Header.h */ = {isa = PBXFileReference; lastKnownFileType = sourcecode.c.h; path = "Plot-Bridging-Header.h"; sourceTree = "<group>"; };
		79BC7B7F21181FCB00B1E421 /* ITSwitch.m */ = {isa = PBXFileReference; fileEncoding = 4; lastKnownFileType = sourcecode.c.objc; path = ITSwitch.m; sourceTree = "<group>"; };
		79BC7B8021181FCB00B1E421 /* ITSwitch.h */ = {isa = PBXFileReference; fileEncoding = 4; lastKnownFileType = sourcecode.c.h; path = ITSwitch.h; sourceTree = "<group>"; };
		79BC7B8221182E8600B1E421 /* Drawing.swift */ = {isa = PBXFileReference; lastKnownFileType = sourcecode.swift; path = Drawing.swift; sourceTree = "<group>"; };
		79BC7B8421186CFA00B1E421 /* PlotView.swift */ = {isa = PBXFileReference; lastKnownFileType = sourcecode.swift; path = PlotView.swift; sourceTree = "<group>"; };
/* End PBXFileReference section */

/* Begin PBXFrameworksBuildPhase section */
		79BC7B4C21181CDA00B1E421 /* Frameworks */ = {
			isa = PBXFrameworksBuildPhase;
			buildActionMask = 2147483647;
			files = (
			);
			runOnlyForDeploymentPostprocessing = 0;
		};
		79BC7B5E21181CDC00B1E421 /* Frameworks */ = {
			isa = PBXFrameworksBuildPhase;
			buildActionMask = 2147483647;
			files = (
			);
			runOnlyForDeploymentPostprocessing = 0;
		};
		79BC7B6921181CDC00B1E421 /* Frameworks */ = {
			isa = PBXFrameworksBuildPhase;
			buildActionMask = 2147483647;
			files = (
			);
			runOnlyForDeploymentPostprocessing = 0;
		};
/* End PBXFrameworksBuildPhase section */

/* Begin PBXGroup section */
		79BC7B4621181CDA00B1E421 = {
			isa = PBXGroup;
			children = (
				79BC7B5121181CDA00B1E421 /* Plot */,
				79BC7B6421181CDC00B1E421 /* PlotTests */,
				79BC7B6F21181CDC00B1E421 /* PlotUITests */,
				79BC7B5021181CDA00B1E421 /* Products */,
			);
			sourceTree = "<group>";
		};
		79BC7B5021181CDA00B1E421 /* Products */ = {
			isa = PBXGroup;
			children = (
				79BC7B4F21181CDA00B1E421 /* Plot.app */,
				79BC7B6121181CDC00B1E421 /* PlotTests.xctest */,
				79BC7B6C21181CDC00B1E421 /* PlotUITests.xctest */,
			);
			name = Products;
			sourceTree = "<group>";
		};
		79BC7B5121181CDA00B1E421 /* Plot */ = {
			isa = PBXGroup;
			children = (
				79BC7B8021181FCB00B1E421 /* ITSwitch.h */,
				79BC7B7F21181FCB00B1E421 /* ITSwitch.m */,
				79BC7B5221181CDA00B1E421 /* AppDelegate.swift */,
				79BC7B5421181CDA00B1E421 /* ViewController.swift */,
				79BC7B5621181CDC00B1E421 /* Assets.xcassets */,
				79BC7B5821181CDC00B1E421 /* Main.storyboard */,
				79BC7B5B21181CDC00B1E421 /* Info.plist */,
				79BC7B5C21181CDC00B1E421 /* Plot.entitlements */,
				79BC7B7E21181FCA00B1E421 /* Plot-Bridging-Header.h */,
				79BC7B8221182E8600B1E421 /* Drawing.swift */,
				79BC7B8421186CFA00B1E421 /* PlotView.swift */,
			);
			path = Plot;
			sourceTree = "<group>";
		};
		79BC7B6421181CDC00B1E421 /* PlotTests */ = {
			isa = PBXGroup;
			children = (
				79BC7B6521181CDC00B1E421 /* PlotTests.swift */,
				79BC7B6721181CDC00B1E421 /* Info.plist */,
			);
			path = PlotTests;
			sourceTree = "<group>";
		};
		79BC7B6F21181CDC00B1E421 /* PlotUITests */ = {
			isa = PBXGroup;
			children = (
				79BC7B7021181CDC00B1E421 /* PlotUITests.swift */,
				79BC7B7221181CDC00B1E421 /* Info.plist */,
			);
			path = PlotUITests;
			sourceTree = "<group>";
		};
/* End PBXGroup section */

/* Begin PBXNativeTarget section */
		79BC7B4E21181CDA00B1E421 /* Plot */ = {
			isa = PBXNativeTarget;
			buildConfigurationList = 79BC7B7521181CDC00B1E421 /* Build configuration list for PBXNativeTarget "Plot" */;
			buildPhases = (
				79BC7B4B21181CDA00B1E421 /* Sources */,
				79BC7B4C21181CDA00B1E421 /* Frameworks */,
				79BC7B4D21181CDA00B1E421 /* Resources */,
			);
			buildRules = (
			);
			dependencies = (
			);
			name = Plot;
			productName = Plot;
			productReference = 79BC7B4F21181CDA00B1E421 /* Plot.app */;
			productType = "com.apple.product-type.application";
		};
		79BC7B6021181CDC00B1E421 /* PlotTests */ = {
			isa = PBXNativeTarget;
			buildConfigurationList = 79BC7B7821181CDC00B1E421 /* Build configuration list for PBXNativeTarget "PlotTests" */;
			buildPhases = (
				79BC7B5D21181CDC00B1E421 /* Sources */,
				79BC7B5E21181CDC00B1E421 /* Frameworks */,
				79BC7B5F21181CDC00B1E421 /* Resources */,
			);
			buildRules = (
			);
			dependencies = (
				79BC7B6321181CDC00B1E421 /* PBXTargetDependency */,
			);
			name = PlotTests;
			productName = PlotTests;
			productReference = 79BC7B6121181CDC00B1E421 /* PlotTests.xctest */;
			productType = "com.apple.product-type.bundle.unit-test";
		};
		79BC7B6B21181CDC00B1E421 /* PlotUITests */ = {
			isa = PBXNativeTarget;
			buildConfigurationList = 79BC7B7B21181CDC00B1E421 /* Build configuration list for PBXNativeTarget "PlotUITests" */;
			buildPhases = (
				79BC7B6821181CDC00B1E421 /* Sources */,
				79BC7B6921181CDC00B1E421 /* Frameworks */,
				79BC7B6A21181CDC00B1E421 /* Resources */,
			);
			buildRules = (
			);
			dependencies = (
				79BC7B6E21181CDC00B1E421 /* PBXTargetDependency */,
			);
			name = PlotUITests;
			productName = PlotUITests;
			productReference = 79BC7B6C21181CDC00B1E421 /* PlotUITests.xctest */;
			productType = "com.apple.product-type.bundle.ui-testing";
		};
/* End PBXNativeTarget section */

/* Begin PBXProject section */
		79BC7B4721181CDA00B1E421 /* Project object */ = {
			isa = PBXProject;
			attributes = {
				LastSwiftUpdateCheck = 0940;
				LastUpgradeCheck = 0940;
				ORGANIZATIONNAME = "Ilya Mordasov";
				TargetAttributes = {
					79BC7B4E21181CDA00B1E421 = {
						CreatedOnToolsVersion = 9.4.1;
						LastSwiftMigration = 0940;
					};
					79BC7B6021181CDC00B1E421 = {
						CreatedOnToolsVersion = 9.4.1;
						TestTargetID = 79BC7B4E21181CDA00B1E421;
					};
					79BC7B6B21181CDC00B1E421 = {
						CreatedOnToolsVersion = 9.4.1;
						TestTargetID = 79BC7B4E21181CDA00B1E421;
					};
				};
			};
			buildConfigurationList = 79BC7B4A21181CDA00B1E421 /* Build configuration list for PBXProject "Plot" */;
			compatibilityVersion = "Xcode 9.3";
			developmentRegion = en;
			hasScannedForEncodings = 0;
			knownRegions = (
				en,
				Base,
			);
			mainGroup = 79BC7B4621181CDA00B1E421;
			productRefGroup = 79BC7B5021181CDA00B1E421 /* Products */;
			projectDirPath = "";
			projectRoot = "";
			targets = (
				79BC7B4E21181CDA00B1E421 /* Plot */,
				79BC7B6021181CDC00B1E421 /* PlotTests */,
				79BC7B6B21181CDC00B1E421 /* PlotUITests */,
			);
		};
/* End PBXProject section */

/* Begin PBXResourcesBuildPhase section */
		79BC7B4D21181CDA00B1E421 /* Resources */ = {
			isa = PBXResourcesBuildPhase;
			buildActionMask = 2147483647;
			files = (
				79BC7B5721181CDC00B1E421 /* Assets.xcassets in Resources */,
				79BC7B5A21181CDC00B1E421 /* Main.storyboard in Resources */,
			);
			runOnlyForDeploymentPostprocessing = 0;
		};
		79BC7B5F21181CDC00B1E421 /* Resources */ = {
			isa = PBXResourcesBuildPhase;
			buildActionMask = 2147483647;
			files = (
			);
			runOnlyForDeploymentPostprocessing = 0;
		};
		79BC7B6A21181CDC00B1E421 /* Resources */ = {
			isa = PBXResourcesBuildPhase;
			buildActionMask = 2147483647;
			files = (
			);
			runOnlyForDeploymentPostprocessing = 0;
		};
/* End PBXResourcesBuildPhase section */

/* Begin PBXSourcesBuildPhase section */
		79BC7B4B21181CDA00B1E421 /* Sources */ = {
			isa = PBXSourcesBuildPhase;
			buildActionMask = 2147483647;
			files = (
				79BC7B8321182E8600B1E421 /* Drawing.swift in Sources */,
				79BC7B8521186CFA00B1E421 /* PlotView.swift in Sources */,
				79BC7B8121181FCC00B1E421 /* ITSwitch.m in Sources */,
				79BC7B5521181CDA00B1E421 /* ViewController.swift in Sources */,
				79BC7B5321181CDA00B1E421 /* AppDelegate.swift in Sources */,
			);
			runOnlyForDeploymentPostprocessing = 0;
		};
		79BC7B5D21181CDC00B1E421 /* Sources */ = {
			isa = PBXSourcesBuildPhase;
			buildActionMask = 2147483647;
			files = (
				79BC7B6621181CDC00B1E421 /* PlotTests.swift in Sources */,
			);
			runOnlyForDeploymentPostprocessing = 0;
		};
		79BC7B6821181CDC00B1E421 /* Sources */ = {
			isa = PBXSourcesBuildPhase;
			buildActionMask = 2147483647;
			files = (
				79BC7B7121181CDC00B1E421 /* PlotUITests.swift in Sources */,
			);
			runOnlyForDeploymentPostprocessing = 0;
		};
/* End PBXSourcesBuildPhase section */

/* Begin PBXTargetDependency section */
		79BC7B6321181CDC00B1E421 /* PBXTargetDependency */ = {
			isa = PBXTargetDependency;
			target = 79BC7B4E21181CDA00B1E421 /* Plot */;
			targetProxy = 79BC7B6221181CDC00B1E421 /* PBXContainerItemProxy */;
		};
		79BC7B6E21181CDC00B1E421 /* PBXTargetDependency */ = {
			isa = PBXTargetDependency;
			target = 79BC7B4E21181CDA00B1E421 /* Plot */;
			targetProxy = 79BC7B6D21181CDC00B1E421 /* PBXContainerItemProxy */;
		};
/* End PBXTargetDependency section */

/* Begin PBXVariantGroup section */
		79BC7B5821181CDC00B1E421 /* Main.storyboard */ = {
			isa = PBXVariantGroup;
			children = (
				79BC7B5921181CDC00B1E421 /* Base */,
			);
			name = Main.storyboard;
			sourceTree = "<group>";
		};
/* End PBXVariantGroup section */

/* Begin XCBuildConfiguration section */
		79BC7B7321181CDC00B1E421 /* Debug */ = {
			isa = XCBuildConfiguration;
			buildSettings = {
				ALWAYS_SEARCH_USER_PATHS = NO;
				CLANG_ANALYZER_NONNULL = YES;
				CLANG_ANALYZER_NUMBER_OBJECT_CONVERSION = YES_AGGRESSIVE;
				CLANG_CXX_LANGUAGE_STANDARD = "gnu++14";
				CLANG_CXX_LIBRARY = "libc++";
				CLANG_ENABLE_MODULES = YES;
				CLANG_ENABLE_OBJC_ARC = YES;
				CLANG_ENABLE_OBJC_WEAK = YES;
				CLANG_WARN_BLOCK_CAPTURE_AUTORELEASING = YES;
				CLANG_WARN_BOOL_CONVERSION = YES;
				CLANG_WARN_COMMA = YES;
				CLANG_WARN_CONSTANT_CONVERSION = YES;
				CLANG_WARN_DEPRECATED_OBJC_IMPLEMENTATIONS = YES;
				CLANG_WARN_DIRECT_OBJC_ISA_USAGE = YES_ERROR;
				CLANG_WARN_DOCUMENTATION_COMMENTS = YES;
				CLANG_WARN_EMPTY_BODY = YES;
				CLANG_WARN_ENUM_CONVERSION = YES;
				CLANG_WARN_INFINITE_RECURSION = YES;
				CLANG_WARN_INT_CONVERSION = YES;
				CLANG_WARN_NON_LITERAL_NULL_CONVERSION = YES;
				CLANG_WARN_OBJC_IMPLICIT_RETAIN_SELF = YES;
				CLANG_WARN_OBJC_LITERAL_CONVERSION = YES;
				CLANG_WARN_OBJC_ROOT_CLASS = YES_ERROR;
				CLANG_WARN_RANGE_LOOP_ANALYSIS = YES;
				CLANG_WARN_STRICT_PROTOTYPES = YES;
				CLANG_WARN_SUSPICIOUS_MOVE = YES;
				CLANG_WARN_UNGUARDED_AVAILABILITY = YES_AGGRESSIVE;
				CLANG_WARN_UNREACHABLE_CODE = YES;
				CLANG_WARN__DUPLICATE_METHOD_MATCH = YES;
				CODE_SIGN_IDENTITY = "-";
				COPY_PHASE_STRIP = NO;
				DEBUG_INFORMATION_FORMAT = dwarf;
				ENABLE_STRICT_OBJC_MSGSEND = YES;
				ENABLE_TESTABILITY = YES;
				GCC_C_LANGUAGE_STANDARD = gnu11;
				GCC_DYNAMIC_NO_PIC = NO;
				GCC_NO_COMMON_BLOCKS = YES;
				GCC_OPTIMIZATION_LEVEL = 0;
				GCC_PREPROCESSOR_DEFINITIONS = (
					"DEBUG=1",
					"$(inherited)",
				);
				GCC_WARN_64_TO_32_BIT_CONVERSION = YES;
				GCC_WARN_ABOUT_RETURN_TYPE = YES_ERROR;
				GCC_WARN_UNDECLARED_SELECTOR = YES;
				GCC_WARN_UNINITIALIZED_AUTOS = YES_AGGRESSIVE;
				GCC_WARN_UNUSED_FUNCTION = YES;
				GCC_WARN_UNUSED_VARIABLE = YES;
				MACOSX_DEPLOYMENT_TARGET = 10.13;
				MTL_ENABLE_DEBUG_INFO = YES;
				ONLY_ACTIVE_ARCH = YES;
				SDKROOT = macosx;
				SWIFT_ACTIVE_COMPILATION_CONDITIONS = DEBUG;
				SWIFT_OPTIMIZATION_LEVEL = "-Onone";
			};
			name = Debug;
		};
		79BC7B7421181CDC00B1E421 /* Release */ = {
			isa = XCBuildConfiguration;
			buildSettings = {
				ALWAYS_SEARCH_USER_PATHS = NO;
				CLANG_ANALYZER_NONNULL = YES;
				CLANG_ANALYZER_NUMBER_OBJECT_CONVERSION = YES_AGGRESSIVE;
				CLANG_CXX_LANGUAGE_STANDARD = "gnu++14";
				CLANG_CXX_LIBRARY = "libc++";
				CLANG_ENABLE_MODULES = YES;
				CLANG_ENABLE_OBJC_ARC = YES;
				CLANG_ENABLE_OBJC_WEAK = YES;
				CLANG_WARN_BLOCK_CAPTURE_AUTORELEASING = YES;
				CLANG_WARN_BOOL_CONVERSION = YES;
				CLANG_WARN_COMMA = YES;
				CLANG_WARN_CONSTANT_CONVERSION = YES;
				CLANG_WARN_DEPRECATED_OBJC_IMPLEMENTATIONS = YES;
				CLANG_WARN_DIRECT_OBJC_ISA_USAGE = YES_ERROR;
				CLANG_WARN_DOCUMENTATION_COMMENTS = YES;
				CLANG_WARN_EMPTY_BODY = YES;
				CLANG_WARN_ENUM_CONVERSION = YES;
				CLANG_WARN_INFINITE_RECURSION = YES;
				CLANG_WARN_INT_CONVERSION = YES;
				CLANG_WARN_NON_LITERAL_NULL_CONVERSION = YES;
				CLANG_WARN_OBJC_IMPLICIT_RETAIN_SELF = YES;
				CLANG_WARN_OBJC_LITERAL_CONVERSION = YES;
				CLANG_WARN_OBJC_ROOT_CLASS = YES_ERROR;
				CLANG_WARN_RANGE_LOOP_ANALYSIS = YES;
				CLANG_WARN_STRICT_PROTOTYPES = YES;
				CLANG_WARN_SUSPICIOUS_MOVE = YES;
				CLANG_WARN_UNGUARDED_AVAILABILITY = YES_AGGRESSIVE;
				CLANG_WARN_UNREACHABLE_CODE = YES;
				CLANG_WARN__DUPLICATE_METHOD_MATCH = YES;
				CODE_SIGN_IDENTITY = "-";
				COPY_PHASE_STRIP = NO;
				DEBUG_INFORMATION_FORMAT = "dwarf-with-dsym";
				ENABLE_NS_ASSERTIONS = NO;
				ENABLE_STRICT_OBJC_MSGSEND = YES;
				GCC_C_LANGUAGE_STANDARD = gnu11;
				GCC_NO_COMMON_BLOCKS = YES;
				GCC_WARN_64_TO_32_BIT_CONVERSION = YES;
				GCC_WARN_ABOUT_RETURN_TYPE = YES_ERROR;
				GCC_WARN_UNDECLARED_SELECTOR = YES;
				GCC_WARN_UNINITIALIZED_AUTOS = YES_AGGRESSIVE;
				GCC_WARN_UNUSED_FUNCTION = YES;
				GCC_WARN_UNUSED_VARIABLE = YES;
				MACOSX_DEPLOYMENT_TARGET = 10.13;
				MTL_ENABLE_DEBUG_INFO = NO;
				SDKROOT = macosx;
				SWIFT_COMPILATION_MODE = wholemodule;
				SWIFT_OPTIMIZATION_LEVEL = "-O";
			};
			name = Release;
		};
		79BC7B7621181CDC00B1E421 /* Debug */ = {
			isa = XCBuildConfiguration;
			buildSettings = {
				ASSETCATALOG_COMPILER_APPICON_NAME = AppIcon;
				CLANG_ENABLE_MODULES = YES;
				CODE_SIGN_ENTITLEMENTS = Plot/Plot.entitlements;
				CODE_SIGN_STYLE = Automatic;
				COMBINE_HIDPI_IMAGES = YES;
				INFOPLIST_FILE = Plot/Info.plist;
				LD_RUNPATH_SEARCH_PATHS = (
					"$(inherited)",
					"@executable_path/../Frameworks",
				);
				PRODUCT_BUNDLE_IDENTIFIER = ilya.mordasov.Plot;
				PRODUCT_NAME = "$(TARGET_NAME)";
				SWIFT_OBJC_BRIDGING_HEADER = "Plot/Plot-Bridging-Header.h";
				SWIFT_OPTIMIZATION_LEVEL = "-Onone";
				SWIFT_VERSION = 4.0;
			};
			name = Debug;
		};
		79BC7B7721181CDC00B1E421 /* Release */ = {
			isa = XCBuildConfiguration;
			buildSettings = {
				ASSETCATALOG_COMPILER_APPICON_NAME = AppIcon;
				CLANG_ENABLE_MODULES = YES;
				CODE_SIGN_ENTITLEMENTS = Plot/Plot.entitlements;
				CODE_SIGN_STYLE = Automatic;
				COMBINE_HIDPI_IMAGES = YES;
				INFOPLIST_FILE = Plot/Info.plist;
				LD_RUNPATH_SEARCH_PATHS = (
					"$(inherited)",
					"@executable_path/../Frameworks",
				);
				PRODUCT_BUNDLE_IDENTIFIER = ilya.mordasov.Plot;
				PRODUCT_NAME = "$(TARGET_NAME)";
				SWIFT_OBJC_BRIDGING_HEADER = "Plot/Plot-Bridging-Header.h";
				SWIFT_VERSION = 4.0;
			};
			name = Release;
		};
		79BC7B7921181CDC00B1E421 /* Debug */ = {
			isa = XCBuildConfiguration;
			buildSettings = {
				ALWAYS_EMBED_SWIFT_STANDARD_LIBRARIES = YES;
				BUNDLE_LOADER = "$(TEST_HOST)";
				CODE_SIGN_STYLE = Automatic;
				COMBINE_HIDPI_IMAGES = YES;
				INFOPLIST_FILE = PlotTests/Info.plist;
				LD_RUNPATH_SEARCH_PATHS = (
					"$(inherited)",
					"@executable_path/../Frameworks",
					"@loader_path/../Frameworks",
				);
				PRODUCT_BUNDLE_IDENTIFIER = ilya.mordasov.PlotTests;
				PRODUCT_NAME = "$(TARGET_NAME)";
				SWIFT_VERSION = 4.0;
				TEST_HOST = "$(BUILT_PRODUCTS_DIR)/Plot.app/Contents/MacOS/Plot";
			};
			name = Debug;
		};
		79BC7B7A21181CDC00B1E421 /* Release */ = {
			isa = XCBuildConfiguration;
			buildSettings = {
				ALWAYS_EMBED_SWIFT_STANDARD_LIBRARIES = YES;
				BUNDLE_LOADER = "$(TEST_HOST)";
				CODE_SIGN_STYLE = Automatic;
				COMBINE_HIDPI_IMAGES = YES;
				INFOPLIST_FILE = PlotTests/Info.plist;
				LD_RUNPATH_SEARCH_PATHS = (
					"$(inherited)",
					"@executable_path/../Frameworks",
					"@loader_path/../Frameworks",
				);
				PRODUCT_BUNDLE_IDENTIFIER = ilya.mordasov.PlotTests;
				PRODUCT_NAME = "$(TARGET_NAME)";
				SWIFT_VERSION = 4.0;
				TEST_HOST = "$(BUILT_PRODUCTS_DIR)/Plot.app/Contents/MacOS/Plot";
			};
			name = Release;
		};
		79BC7B7C21181CDC00B1E421 /* Debug */ = {
			isa = XCBuildConfiguration;
			buildSettings = {
				ALWAYS_EMBED_SWIFT_STANDARD_LIBRARIES = YES;
				CODE_SIGN_STYLE = Automatic;
				COMBINE_HIDPI_IMAGES = YES;
				INFOPLIST_FILE = PlotUITests/Info.plist;
				LD_RUNPATH_SEARCH_PATHS = (
					"$(inherited)",
					"@executable_path/../Frameworks",
					"@loader_path/../Frameworks",
				);
				PRODUCT_BUNDLE_IDENTIFIER = ilya.mordasov.PlotUITests;
				PRODUCT_NAME = "$(TARGET_NAME)";
				SWIFT_VERSION = 4.0;
				TEST_TARGET_NAME = Plot;
			};
			name = Debug;
		};
		79BC7B7D21181CDC00B1E421 /* Release */ = {
			isa = XCBuildConfiguration;
			buildSettings = {
				ALWAYS_EMBED_SWIFT_STANDARD_LIBRARIES = YES;
				CODE_SIGN_STYLE = Automatic;
				COMBINE_HIDPI_IMAGES = YES;
				INFOPLIST_FILE = PlotUITests/Info.plist;
				LD_RUNPATH_SEARCH_PATHS = (
					"$(inherited)",
					"@executable_path/../Frameworks",
					"@loader_path/../Frameworks",
				);
				PRODUCT_BUNDLE_IDENTIFIER = ilya.mordasov.PlotUITests;
				PRODUCT_NAME = "$(TARGET_NAME)";
				SWIFT_VERSION = 4.0;
				TEST_TARGET_NAME = Plot;
			};
			name = Release;
		};
/* End XCBuildConfiguration section */

/* Begin XCConfigurationList section */
		79BC7B4A21181CDA00B1E421 /* Build configuration list for PBXProject "Plot" */ = {
			isa = XCConfigurationList;
			buildConfigurations = (
				79BC7B7321181CDC00B1E421 /* Debug */,
				79BC7B7421181CDC00B1E421 /* Release */,
			);
			defaultConfigurationIsVisible = 0;
			defaultConfigurationName = Release;
		};
		79BC7B7521181CDC00B1E421 /* Build configuration list for PBXNativeTarget "Plot" */ = {
			isa = XCConfigurationList;
			buildConfigurations = (
				79BC7B7621181CDC00B1E421 /* Debug */,
				79BC7B7721181CDC00B1E421 /* Release */,
			);
			defaultConfigurationIsVisible = 0;
			defaultConfigurationName = Release;
		};
		79BC7B7821181CDC00B1E421 /* Build configuration list for PBXNativeTarget "PlotTests" */ = {
			isa = XCConfigurationList;
			buildConfigurations = (
				79BC7B7921181CDC00B1E421 /* Debug */,
				79BC7B7A21181CDC00B1E421 /* Release */,
			);
			defaultConfigurationIsVisible = 0;
			defaultConfigurationName = Release;
		};
		79BC7B7B21181CDC00B1E421 /* Build configuration list for PBXNativeTarget "PlotUITests" */ = {
			isa = XCConfigurationList;
			buildConfigurations = (
				79BC7B7C21181CDC00B1E421 /* Debug */,
				79BC7B7D21181CDC00B1E421 /* Release */,
			);
			defaultConfigurationIsVisible = 0;
			defaultConfigurationName = Release;
		};
/* End XCConfigurationList section */
	};
	rootObject = 79BC7B4721181CDA00B1E421 /* Project object */;
}
