// !$*UTF8*$!
{
	archiveVersion = 1;
	classes = {
	};
	objectVersion = 50;
	objects = {

/* Begin PBXBuildFile section */
		14C2E8BD73C898D397F6856F /* Pods_TI.framework in Frameworks */ = {isa = PBXBuildFile; fileRef = 442BC7D2FA365270EE526E2B /* Pods_TI.framework */; };
		79CC6173211B2D6A00FB4C5B /* ADS1298_Configs.swift in Sources */ = {isa = PBXBuildFile; fileRef = 79CC6172211B2D6A00FB4C5B /* ADS1298_Configs.swift */; };
		89A6E2382114B273007687B8 /* AppDelegate.swift in Sources */ = {isa = PBXBuildFile; fileRef = 89A6E2372114B273007687B8 /* AppDelegate.swift */; };
		89A6E23A2114B273007687B8 /* ViewController.swift in Sources */ = {isa = PBXBuildFile; fileRef = 89A6E2392114B273007687B8 /* ViewController.swift */; };
		89A6E23C2114B276007687B8 /* Assets.xcassets in Resources */ = {isa = PBXBuildFile; fileRef = 89A6E23B2114B276007687B8 /* Assets.xcassets */; };
		89A6E23F2114B276007687B8 /* Main.storyboard in Resources */ = {isa = PBXBuildFile; fileRef = 89A6E23D2114B276007687B8 /* Main.storyboard */; };
		89A6E24B2114B276007687B8 /* TITests.swift in Sources */ = {isa = PBXBuildFile; fileRef = 89A6E24A2114B276007687B8 /* TITests.swift */; };
		89A6E2562114B276007687B8 /* TIUITests.swift in Sources */ = {isa = PBXBuildFile; fileRef = 89A6E2552114B276007687B8 /* TIUITests.swift */; };
		89C2026B211A516900A23CA4 /* ITSwitch.m in Sources */ = {isa = PBXBuildFile; fileRef = 89C20265211A516800A23CA4 /* ITSwitch.m */; };
		89C2026C211A516900A23CA4 /* PlotController.swift in Sources */ = {isa = PBXBuildFile; fileRef = 89C20267211A516800A23CA4 /* PlotController.swift */; };
		89C2026D211A516900A23CA4 /* PlotView.swift in Sources */ = {isa = PBXBuildFile; fileRef = 89C20268211A516800A23CA4 /* PlotView.swift */; };
		89C2026E211A516900A23CA4 /* ConfigController.swift in Sources */ = {isa = PBXBuildFile; fileRef = 89C2026A211A516800A23CA4 /* ConfigController.swift */; };
		89C20283211A5EC500A23CA4 /* Serial.swift in Sources */ = {isa = PBXBuildFile; fileRef = 89C20282211A5EC500A23CA4 /* Serial.swift */; };
		89C3728E211B5A1B00401060 /* ECG_DataSet.swift in Sources */ = {isa = PBXBuildFile; fileRef = 89C3728D211B5A1B00401060 /* ECG_DataSet.swift */; };
		89C37290211B5D3F00401060 /* ORSSerial.framework in Frameworks */ = {isa = PBXBuildFile; fileRef = 89C3728F211B5D3F00401060 /* ORSSerial.framework */; };
/* End PBXBuildFile section */

/* Begin PBXContainerItemProxy section */
		89A6E2472114B276007687B8 /* PBXContainerItemProxy */ = {
			isa = PBXContainerItemProxy;
			containerPortal = 89A6E22C2114B272007687B8 /* Project object */;
			proxyType = 1;
			remoteGlobalIDString = 89A6E2332114B272007687B8;
			remoteInfo = TI;
		};
		89A6E2522114B276007687B8 /* PBXContainerItemProxy */ = {
			isa = PBXContainerItemProxy;
			containerPortal = 89A6E22C2114B272007687B8 /* Project object */;
			proxyType = 1;
			remoteGlobalIDString = 89A6E2332114B272007687B8;
			remoteInfo = TI;
		};
/* End PBXContainerItemProxy section */

/* Begin PBXFileReference section */
		442BC7D2FA365270EE526E2B /* Pods_TI.framework */ = {isa = PBXFileReference; explicitFileType = wrapper.framework; includeInIndex = 0; path = Pods_TI.framework; sourceTree = BUILT_PRODUCTS_DIR; };
		6CE3C885F05C2E94433989B0 /* Pods-TI.release.xcconfig */ = {isa = PBXFileReference; includeInIndex = 1; lastKnownFileType = text.xcconfig; name = "Pods-TI.release.xcconfig"; path = "Pods/Target Support Files/Pods-TI/Pods-TI.release.xcconfig"; sourceTree = "<group>"; };
		79CC6172211B2D6A00FB4C5B /* ADS1298_Configs.swift */ = {isa = PBXFileReference; lastKnownFileType = sourcecode.swift; path = ADS1298_Configs.swift; sourceTree = "<group>"; };
		89A6E2342114B272007687B8 /* TI.app */ = {isa = PBXFileReference; explicitFileType = wrapper.application; includeInIndex = 0; path = TI.app; sourceTree = BUILT_PRODUCTS_DIR; };
		89A6E2372114B273007687B8 /* AppDelegate.swift */ = {isa = PBXFileReference; lastKnownFileType = sourcecode.swift; path = AppDelegate.swift; sourceTree = "<group>"; };
		89A6E2392114B273007687B8 /* ViewController.swift */ = {isa = PBXFileReference; lastKnownFileType = sourcecode.swift; path = ViewController.swift; sourceTree = "<group>"; };
		89A6E23B2114B276007687B8 /* Assets.xcassets */ = {isa = PBXFileReference; lastKnownFileType = folder.assetcatalog; path = Assets.xcassets; sourceTree = "<group>"; };
		89A6E23E2114B276007687B8 /* Base */ = {isa = PBXFileReference; lastKnownFileType = file.storyboard; name = Base; path = Base.lproj/Main.storyboard; sourceTree = "<group>"; };
		89A6E2402114B276007687B8 /* Info.plist */ = {isa = PBXFileReference; lastKnownFileType = text.plist.xml; path = Info.plist; sourceTree = "<group>"; };
		89A6E2412114B276007687B8 /* TI.entitlements */ = {isa = PBXFileReference; lastKnownFileType = text.plist.entitlements; path = TI.entitlements; sourceTree = "<group>"; };
		89A6E2462114B276007687B8 /* TITests.xctest */ = {isa = PBXFileReference; explicitFileType = wrapper.cfbundle; includeInIndex = 0; path = TITests.xctest; sourceTree = BUILT_PRODUCTS_DIR; };
		89A6E24A2114B276007687B8 /* TITests.swift */ = {isa = PBXFileReference; lastKnownFileType = sourcecode.swift; path = TITests.swift; sourceTree = "<group>"; };
		89A6E24C2114B276007687B8 /* Info.plist */ = {isa = PBXFileReference; lastKnownFileType = text.plist.xml; path = Info.plist; sourceTree = "<group>"; };
		89A6E2512114B276007687B8 /* TIUITests.xctest */ = {isa = PBXFileReference; explicitFileType = wrapper.cfbundle; includeInIndex = 0; path = TIUITests.xctest; sourceTree = BUILT_PRODUCTS_DIR; };
		89A6E2552114B276007687B8 /* TIUITests.swift */ = {isa = PBXFileReference; lastKnownFileType = sourcecode.swift; path = TIUITests.swift; sourceTree = "<group>"; };
		89A6E2572114B276007687B8 /* Info.plist */ = {isa = PBXFileReference; lastKnownFileType = text.plist.xml; path = Info.plist; sourceTree = "<group>"; };
		89C20264211A516800A23CA4 /* ITSwitch.h */ = {isa = PBXFileReference; fileEncoding = 4; lastKnownFileType = sourcecode.c.h; path = ITSwitch.h; sourceTree = "<group>"; };
		89C20265211A516800A23CA4 /* ITSwitch.m */ = {isa = PBXFileReference; fileEncoding = 4; lastKnownFileType = sourcecode.c.objc; path = ITSwitch.m; sourceTree = "<group>"; };
		89C20267211A516800A23CA4 /* PlotController.swift */ = {isa = PBXFileReference; fileEncoding = 4; lastKnownFileType = sourcecode.swift; path = PlotController.swift; sourceTree = "<group>"; };
		89C20268211A516800A23CA4 /* PlotView.swift */ = {isa = PBXFileReference; fileEncoding = 4; lastKnownFileType = sourcecode.swift; path = PlotView.swift; sourceTree = "<group>"; };
		89C2026A211A516800A23CA4 /* ConfigController.swift */ = {isa = PBXFileReference; fileEncoding = 4; lastKnownFileType = sourcecode.swift; path = ConfigController.swift; sourceTree = "<group>"; };
		89C20282211A5EC500A23CA4 /* Serial.swift */ = {isa = PBXFileReference; lastKnownFileType = sourcecode.swift; path = Serial.swift; sourceTree = "<group>"; };
		89C3728D211B5A1B00401060 /* ECG_DataSet.swift */ = {isa = PBXFileReference; fileEncoding = 4; lastKnownFileType = sourcecode.swift; path = ECG_DataSet.swift; sourceTree = "<group>"; };
		89C3728F211B5D3F00401060 /* ORSSerial.framework */ = {isa = PBXFileReference; explicitFileType = wrapper.framework; path = ORSSerial.framework; sourceTree = BUILT_PRODUCTS_DIR; };
		89FD49C9211A4AC800AF122B /* TI-Bridging-Header.h */ = {isa = PBXFileReference; fileEncoding = 4; lastKnownFileType = sourcecode.c.h; name = "TI-Bridging-Header.h"; path = "TI/TI-Bridging-Header.h"; sourceTree = SOURCE_ROOT; };
		AE9DBB91F6EEA4CE42B8DDCF /* Pods-TI.debug.xcconfig */ = {isa = PBXFileReference; includeInIndex = 1; lastKnownFileType = text.xcconfig; name = "Pods-TI.debug.xcconfig"; path = "Pods/Target Support Files/Pods-TI/Pods-TI.debug.xcconfig"; sourceTree = "<group>"; };
/* End PBXFileReference section */

/* Begin PBXFrameworksBuildPhase section */
		89A6E2312114B272007687B8 /* Frameworks */ = {
			isa = PBXFrameworksBuildPhase;
			buildActionMask = 2147483647;
			files = (
				89C37290211B5D3F00401060 /* ORSSerial.framework in Frameworks */,
				14C2E8BD73C898D397F6856F /* Pods_TI.framework in Frameworks */,
			);
			runOnlyForDeploymentPostprocessing = 0;
		};
		89A6E2432114B276007687B8 /* Frameworks */ = {
			isa = PBXFrameworksBuildPhase;
			buildActionMask = 2147483647;
			files = (
			);
			runOnlyForDeploymentPostprocessing = 0;
		};
		89A6E24E2114B276007687B8 /* Frameworks */ = {
			isa = PBXFrameworksBuildPhase;
			buildActionMask = 2147483647;
			files = (
			);
			runOnlyForDeploymentPostprocessing = 0;
		};
/* End PBXFrameworksBuildPhase section */

/* Begin PBXGroup section */
		2817664FD4680565C37EA204 /* Pods */ = {
			isa = PBXGroup;
			children = (
				AE9DBB91F6EEA4CE42B8DDCF /* Pods-TI.debug.xcconfig */,
				6CE3C885F05C2E94433989B0 /* Pods-TI.release.xcconfig */,
			);
			name = Pods;
			sourceTree = "<group>";
		};
		89A6E22B2114B272007687B8 = {
			isa = PBXGroup;
			children = (
				89A6E2362114B272007687B8 /* TI */,
				89A6E2492114B276007687B8 /* TITests */,
				89A6E2542114B276007687B8 /* TIUITests */,
				89A6E2352114B272007687B8 /* Products */,
				2817664FD4680565C37EA204 /* Pods */,
				C844AB12B8AF7209AF0625A3 /* Frameworks */,
			);
			sourceTree = "<group>";
		};
		89A6E2352114B272007687B8 /* Products */ = {
			isa = PBXGroup;
			children = (
				89A6E2342114B272007687B8 /* TI.app */,
				89A6E2462114B276007687B8 /* TITests.xctest */,
				89A6E2512114B276007687B8 /* TIUITests.xctest */,
			);
			name = Products;
			sourceTree = "<group>";
		};
		89A6E2362114B272007687B8 /* TI */ = {
			isa = PBXGroup;
			children = (
				89C3728C211B5A1B00401060 /* DataSets */,
				89FD49C9211A4AC800AF122B /* TI-Bridging-Header.h */,
				89A6E2372114B273007687B8 /* AppDelegate.swift */,
				89A6E2392114B273007687B8 /* ViewController.swift */,
				89C20269211A516800A23CA4 /* ConfigController */,
				89C20263211A516800A23CA4 /* ITSwitch */,
				89C20266211A516800A23CA4 /* PlotController */,
				89A6E23B2114B276007687B8 /* Assets.xcassets */,
				89A6E23D2114B276007687B8 /* Main.storyboard */,
				89A6E2402114B276007687B8 /* Info.plist */,
				89A6E2412114B276007687B8 /* TI.entitlements */,
			);
			path = TI;
			sourceTree = "<group>";
		};
		89A6E2492114B276007687B8 /* TITests */ = {
			isa = PBXGroup;
			children = (
				89A6E24A2114B276007687B8 /* TITests.swift */,
				89A6E24C2114B276007687B8 /* Info.plist */,
			);
			path = TITests;
			sourceTree = "<group>";
		};
		89A6E2542114B276007687B8 /* TIUITests */ = {
			isa = PBXGroup;
			children = (
				89A6E2552114B276007687B8 /* TIUITests.swift */,
				89A6E2572114B276007687B8 /* Info.plist */,
			);
			path = TIUITests;
			sourceTree = "<group>";
		};
		89C20263211A516800A23CA4 /* ITSwitch */ = {
			isa = PBXGroup;
			children = (
				89C20264211A516800A23CA4 /* ITSwitch.h */,
				89C20265211A516800A23CA4 /* ITSwitch.m */,
			);
			path = ITSwitch;
			sourceTree = "<group>";
		};
		89C20266211A516800A23CA4 /* PlotController */ = {
			isa = PBXGroup;
			children = (
				89C20267211A516800A23CA4 /* PlotController.swift */,
				89C20268211A516800A23CA4 /* PlotView.swift */,
				89C20282211A5EC500A23CA4 /* Serial.swift */,
			);
			path = PlotController;
			sourceTree = "<group>";
		};
		89C20269211A516800A23CA4 /* ConfigController */ = {
			isa = PBXGroup;
			children = (
				89C2026A211A516800A23CA4 /* ConfigController.swift */,
				79CC6172211B2D6A00FB4C5B /* ADS1298_Configs.swift */,
			);
			path = ConfigController;
			sourceTree = "<group>";
		};
		89C3728C211B5A1B00401060 /* DataSets */ = {
			isa = PBXGroup;
			children = (
				89C3728D211B5A1B00401060 /* ECG_DataSet.swift */,
			);
			path = DataSets;
			sourceTree = "<group>";
		};
		C844AB12B8AF7209AF0625A3 /* Frameworks */ = {
			isa = PBXGroup;
			children = (
				89C3728F211B5D3F00401060 /* ORSSerial.framework */,
				442BC7D2FA365270EE526E2B /* Pods_TI.framework */,
			);
			name = Frameworks;
			sourceTree = "<group>";
		};
/* End PBXGroup section */

/* Begin PBXNativeTarget section */
		89A6E2332114B272007687B8 /* TI */ = {
			isa = PBXNativeTarget;
			buildConfigurationList = 89A6E25A2114B276007687B8 /* Build configuration list for PBXNativeTarget "TI" */;
			buildPhases = (
				BD30E4BB7B039CFCD4CBBCBD /* [CP] Check Pods Manifest.lock */,
				89A6E2302114B272007687B8 /* Sources */,
				89A6E2312114B272007687B8 /* Frameworks */,
				89A6E2322114B272007687B8 /* Resources */,
				7F3E76C7F8ED230038C4EC13 /* [CP] Embed Pods Frameworks */,
			);
			buildRules = (
			);
			dependencies = (
			);
			name = TI;
			productName = TI;
			productReference = 89A6E2342114B272007687B8 /* TI.app */;
			productType = "com.apple.product-type.application";
		};
		89A6E2452114B276007687B8 /* TITests */ = {
			isa = PBXNativeTarget;
			buildConfigurationList = 89A6E25D2114B276007687B8 /* Build configuration list for PBXNativeTarget "TITests" */;
			buildPhases = (
				89A6E2422114B276007687B8 /* Sources */,
				89A6E2432114B276007687B8 /* Frameworks */,
				89A6E2442114B276007687B8 /* Resources */,
			);
			buildRules = (
			);
			dependencies = (
				89A6E2482114B276007687B8 /* PBXTargetDependency */,
			);
			name = TITests;
			productName = TITests;
			productReference = 89A6E2462114B276007687B8 /* TITests.xctest */;
			productType = "com.apple.product-type.bundle.unit-test";
		};
		89A6E2502114B276007687B8 /* TIUITests */ = {
			isa = PBXNativeTarget;
			buildConfigurationList = 89A6E2602114B276007687B8 /* Build configuration list for PBXNativeTarget "TIUITests" */;
			buildPhases = (
				89A6E24D2114B276007687B8 /* Sources */,
				89A6E24E2114B276007687B8 /* Frameworks */,
				89A6E24F2114B276007687B8 /* Resources */,
			);
			buildRules = (
			);
			dependencies = (
				89A6E2532114B276007687B8 /* PBXTargetDependency */,
			);
			name = TIUITests;
			productName = TIUITests;
			productReference = 89A6E2512114B276007687B8 /* TIUITests.xctest */;
			productType = "com.apple.product-type.bundle.ui-testing";
		};
/* End PBXNativeTarget section */

/* Begin PBXProject section */
		89A6E22C2114B272007687B8 /* Project object */ = {
			isa = PBXProject;
			attributes = {
				LastSwiftUpdateCheck = 0940;
				LastUpgradeCheck = 0940;
				ORGANIZATIONNAME = "Ilya Mordasov";
				TargetAttributes = {
					89A6E2332114B272007687B8 = {
						CreatedOnToolsVersion = 9.4.1;
						LastSwiftMigration = 0940;
					};
					89A6E2452114B276007687B8 = {
						CreatedOnToolsVersion = 9.4.1;
						TestTargetID = 89A6E2332114B272007687B8;
					};
					89A6E2502114B276007687B8 = {
						CreatedOnToolsVersion = 9.4.1;
						TestTargetID = 89A6E2332114B272007687B8;
					};
				};
			};
			buildConfigurationList = 89A6E22F2114B272007687B8 /* Build configuration list for PBXProject "TI" */;
			compatibilityVersion = "Xcode 9.3";
			developmentRegion = en;
			hasScannedForEncodings = 0;
			knownRegions = (
				en,
				Base,
			);
			mainGroup = 89A6E22B2114B272007687B8;
			productRefGroup = 89A6E2352114B272007687B8 /* Products */;
			projectDirPath = "";
			projectRoot = "";
			targets = (
				89A6E2332114B272007687B8 /* TI */,
				89A6E2452114B276007687B8 /* TITests */,
				89A6E2502114B276007687B8 /* TIUITests */,
			);
		};
/* End PBXProject section */

/* Begin PBXResourcesBuildPhase section */
		89A6E2322114B272007687B8 /* Resources */ = {
			isa = PBXResourcesBuildPhase;
			buildActionMask = 2147483647;
			files = (
				89A6E23C2114B276007687B8 /* Assets.xcassets in Resources */,
				89A6E23F2114B276007687B8 /* Main.storyboard in Resources */,
			);
			runOnlyForDeploymentPostprocessing = 0;
		};
		89A6E2442114B276007687B8 /* Resources */ = {
			isa = PBXResourcesBuildPhase;
			buildActionMask = 2147483647;
			files = (
			);
			runOnlyForDeploymentPostprocessing = 0;
		};
		89A6E24F2114B276007687B8 /* Resources */ = {
			isa = PBXResourcesBuildPhase;
			buildActionMask = 2147483647;
			files = (
			);
			runOnlyForDeploymentPostprocessing = 0;
		};
/* End PBXResourcesBuildPhase section */

/* Begin PBXShellScriptBuildPhase section */
		7F3E76C7F8ED230038C4EC13 /* [CP] Embed Pods Frameworks */ = {
			isa = PBXShellScriptBuildPhase;
			buildActionMask = 2147483647;
			files = (
			);
			inputPaths = (
				"${SRCROOT}/Pods/Target Support Files/Pods-TI/Pods-TI-frameworks.sh",
				"${BUILT_PRODUCTS_DIR}/ORSSerialPort/ORSSerial.framework",
			);
			name = "[CP] Embed Pods Frameworks";
			outputPaths = (
				"${TARGET_BUILD_DIR}/${FRAMEWORKS_FOLDER_PATH}/ORSSerial.framework",
			);
			runOnlyForDeploymentPostprocessing = 0;
			shellPath = /bin/sh;
			shellScript = "\"${SRCROOT}/Pods/Target Support Files/Pods-TI/Pods-TI-frameworks.sh\"\n";
			showEnvVarsInLog = 0;
		};
		BD30E4BB7B039CFCD4CBBCBD /* [CP] Check Pods Manifest.lock */ = {
			isa = PBXShellScriptBuildPhase;
			buildActionMask = 2147483647;
			files = (
			);
			inputPaths = (
				"${PODS_PODFILE_DIR_PATH}/Podfile.lock",
				"${PODS_ROOT}/Manifest.lock",
			);
			name = "[CP] Check Pods Manifest.lock";
			outputPaths = (
				"$(DERIVED_FILE_DIR)/Pods-TI-checkManifestLockResult.txt",
			);
			runOnlyForDeploymentPostprocessing = 0;
			shellPath = /bin/sh;
			shellScript = "diff \"${PODS_PODFILE_DIR_PATH}/Podfile.lock\" \"${PODS_ROOT}/Manifest.lock\" > /dev/null\nif [ $? != 0 ] ; then\n    # print error to STDERR\n    echo \"error: The sandbox is not in sync with the Podfile.lock. Run 'pod install' or update your CocoaPods installation.\" >&2\n    exit 1\nfi\n# This output is used by Xcode 'outputs' to avoid re-running this script phase.\necho \"SUCCESS\" > \"${SCRIPT_OUTPUT_FILE_0}\"\n";
			showEnvVarsInLog = 0;
		};
/* End PBXShellScriptBuildPhase section */

/* Begin PBXSourcesBuildPhase section */
		89A6E2302114B272007687B8 /* Sources */ = {
			isa = PBXSourcesBuildPhase;
			buildActionMask = 2147483647;
			files = (
				89C2026B211A516900A23CA4 /* ITSwitch.m in Sources */,
				89C2026E211A516900A23CA4 /* ConfigController.swift in Sources */,
				89C2026D211A516900A23CA4 /* PlotView.swift in Sources */,
				89A6E23A2114B273007687B8 /* ViewController.swift in Sources */,
				89C2026C211A516900A23CA4 /* PlotController.swift in Sources */,
				89C3728E211B5A1B00401060 /* ECG_DataSet.swift in Sources */,
				89C20283211A5EC500A23CA4 /* Serial.swift in Sources */,
				79CC6173211B2D6A00FB4C5B /* ADS1298_Configs.swift in Sources */,
				89A6E2382114B273007687B8 /* AppDelegate.swift in Sources */,
			);
			runOnlyForDeploymentPostprocessing = 0;
		};
		89A6E2422114B276007687B8 /* Sources */ = {
			isa = PBXSourcesBuildPhase;
			buildActionMask = 2147483647;
			files = (
				89A6E24B2114B276007687B8 /* TITests.swift in Sources */,
			);
			runOnlyForDeploymentPostprocessing = 0;
		};
		89A6E24D2114B276007687B8 /* Sources */ = {
			isa = PBXSourcesBuildPhase;
			buildActionMask = 2147483647;
			files = (
				89A6E2562114B276007687B8 /* TIUITests.swift in Sources */,
			);
			runOnlyForDeploymentPostprocessing = 0;
		};
/* End PBXSourcesBuildPhase section */

/* Begin PBXTargetDependency section */
		89A6E2482114B276007687B8 /* PBXTargetDependency */ = {
			isa = PBXTargetDependency;
			target = 89A6E2332114B272007687B8 /* TI */;
			targetProxy = 89A6E2472114B276007687B8 /* PBXContainerItemProxy */;
		};
		89A6E2532114B276007687B8 /* PBXTargetDependency */ = {
			isa = PBXTargetDependency;
			target = 89A6E2332114B272007687B8 /* TI */;
			targetProxy = 89A6E2522114B276007687B8 /* PBXContainerItemProxy */;
		};
/* End PBXTargetDependency section */

/* Begin PBXVariantGroup section */
		89A6E23D2114B276007687B8 /* Main.storyboard */ = {
			isa = PBXVariantGroup;
			children = (
				89A6E23E2114B276007687B8 /* Base */,
			);
			name = Main.storyboard;
			sourceTree = "<group>";
		};
/* End PBXVariantGroup section */

/* Begin XCBuildConfiguration section */
		89A6E2582114B276007687B8 /* Debug */ = {
			isa = XCBuildConfiguration;
			buildSettings = {
				ALWAYS_SEARCH_USER_PATHS = NO;
				CLANG_ANALYZER_NONNULL = YES;
				CLANG_ANALYZER_NUMBER_OBJECT_CONVERSION = YES_AGGRESSIVE;
				CLANG_CXX_LANGUAGE_STANDARD = "gnu++14";
				CLANG_CXX_LIBRARY = "libc++";
				CLANG_ENABLE_MODULES = YES;
				CLANG_ENABLE_OBJC_ARC = YES;
				CLANG_ENABLE_OBJC_WEAK = YES;
				CLANG_WARN_BLOCK_CAPTURE_AUTORELEASING = YES;
				CLANG_WARN_BOOL_CONVERSION = YES;
				CLANG_WARN_COMMA = YES;
				CLANG_WARN_CONSTANT_CONVERSION = YES;
				CLANG_WARN_DEPRECATED_OBJC_IMPLEMENTATIONS = YES;
				CLANG_WARN_DIRECT_OBJC_ISA_USAGE = YES_ERROR;
				CLANG_WARN_DOCUMENTATION_COMMENTS = YES;
				CLANG_WARN_EMPTY_BODY = YES;
				CLANG_WARN_ENUM_CONVERSION = YES;
				CLANG_WARN_INFINITE_RECURSION = YES;
				CLANG_WARN_INT_CONVERSION = YES;
				CLANG_WARN_NON_LITERAL_NULL_CONVERSION = YES;
				CLANG_WARN_OBJC_IMPLICIT_RETAIN_SELF = YES;
				CLANG_WARN_OBJC_LITERAL_CONVERSION = YES;
				CLANG_WARN_OBJC_ROOT_CLASS = YES_ERROR;
				CLANG_WARN_RANGE_LOOP_ANALYSIS = YES;
				CLANG_WARN_STRICT_PROTOTYPES = YES;
				CLANG_WARN_SUSPICIOUS_MOVE = YES;
				CLANG_WARN_UNGUARDED_AVAILABILITY = YES_AGGRESSIVE;
				CLANG_WARN_UNREACHABLE_CODE = YES;
				CLANG_WARN__DUPLICATE_METHOD_MATCH = YES;
				CODE_SIGN_IDENTITY = "-";
				COPY_PHASE_STRIP = NO;
				DEBUG_INFORMATION_FORMAT = dwarf;
				ENABLE_STRICT_OBJC_MSGSEND = YES;
				ENABLE_TESTABILITY = YES;
				GCC_C_LANGUAGE_STANDARD = gnu11;
				GCC_DYNAMIC_NO_PIC = NO;
				GCC_NO_COMMON_BLOCKS = YES;
				GCC_OPTIMIZATION_LEVEL = 0;
				GCC_PREPROCESSOR_DEFINITIONS = (
					"DEBUG=1",
					"$(inherited)",
				);
				GCC_WARN_64_TO_32_BIT_CONVERSION = YES;
				GCC_WARN_ABOUT_RETURN_TYPE = YES_ERROR;
				GCC_WARN_UNDECLARED_SELECTOR = YES;
				GCC_WARN_UNINITIALIZED_AUTOS = YES_AGGRESSIVE;
				GCC_WARN_UNUSED_FUNCTION = YES;
				GCC_WARN_UNUSED_VARIABLE = YES;
				MACOSX_DEPLOYMENT_TARGET = 10.13;
				MTL_ENABLE_DEBUG_INFO = YES;
				ONLY_ACTIVE_ARCH = YES;
				SDKROOT = macosx;
				SWIFT_ACTIVE_COMPILATION_CONDITIONS = DEBUG;
				SWIFT_OPTIMIZATION_LEVEL = "-Onone";
			};
			name = Debug;
		};
		89A6E2592114B276007687B8 /* Release */ = {
			isa = XCBuildConfiguration;
			buildSettings = {
				ALWAYS_SEARCH_USER_PATHS = NO;
				CLANG_ANALYZER_NONNULL = YES;
				CLANG_ANALYZER_NUMBER_OBJECT_CONVERSION = YES_AGGRESSIVE;
				CLANG_CXX_LANGUAGE_STANDARD = "gnu++14";
				CLANG_CXX_LIBRARY = "libc++";
				CLANG_ENABLE_MODULES = YES;
				CLANG_ENABLE_OBJC_ARC = YES;
				CLANG_ENABLE_OBJC_WEAK = YES;
				CLANG_WARN_BLOCK_CAPTURE_AUTORELEASING = YES;
				CLANG_WARN_BOOL_CONVERSION = YES;
				CLANG_WARN_COMMA = YES;
				CLANG_WARN_CONSTANT_CONVERSION = YES;
				CLANG_WARN_DEPRECATED_OBJC_IMPLEMENTATIONS = YES;
				CLANG_WARN_DIRECT_OBJC_ISA_USAGE = YES_ERROR;
				CLANG_WARN_DOCUMENTATION_COMMENTS = YES;
				CLANG_WARN_EMPTY_BODY = YES;
				CLANG_WARN_ENUM_CONVERSION = YES;
				CLANG_WARN_INFINITE_RECURSION = YES;
				CLANG_WARN_INT_CONVERSION = YES;
				CLANG_WARN_NON_LITERAL_NULL_CONVERSION = YES;
				CLANG_WARN_OBJC_IMPLICIT_RETAIN_SELF = YES;
				CLANG_WARN_OBJC_LITERAL_CONVERSION = YES;
				CLANG_WARN_OBJC_ROOT_CLASS = YES_ERROR;
				CLANG_WARN_RANGE_LOOP_ANALYSIS = YES;
				CLANG_WARN_STRICT_PROTOTYPES = YES;
				CLANG_WARN_SUSPICIOUS_MOVE = YES;
				CLANG_WARN_UNGUARDED_AVAILABILITY = YES_AGGRESSIVE;
				CLANG_WARN_UNREACHABLE_CODE = YES;
				CLANG_WARN__DUPLICATE_METHOD_MATCH = YES;
				CODE_SIGN_IDENTITY = "-";
				COPY_PHASE_STRIP = NO;
				DEBUG_INFORMATION_FORMAT = "dwarf-with-dsym";
				ENABLE_NS_ASSERTIONS = NO;
				ENABLE_STRICT_OBJC_MSGSEND = YES;
				GCC_C_LANGUAGE_STANDARD = gnu11;
				GCC_NO_COMMON_BLOCKS = YES;
				GCC_WARN_64_TO_32_BIT_CONVERSION = YES;
				GCC_WARN_ABOUT_RETURN_TYPE = YES_ERROR;
				GCC_WARN_UNDECLARED_SELECTOR = YES;
				GCC_WARN_UNINITIALIZED_AUTOS = YES_AGGRESSIVE;
				GCC_WARN_UNUSED_FUNCTION = YES;
				GCC_WARN_UNUSED_VARIABLE = YES;
				MACOSX_DEPLOYMENT_TARGET = 10.13;
				MTL_ENABLE_DEBUG_INFO = NO;
				SDKROOT = macosx;
				SWIFT_COMPILATION_MODE = wholemodule;
				SWIFT_OPTIMIZATION_LEVEL = "-O";
			};
			name = Release;
		};
		89A6E25B2114B276007687B8 /* Debug */ = {
			isa = XCBuildConfiguration;
			baseConfigurationReference = AE9DBB91F6EEA4CE42B8DDCF /* Pods-TI.debug.xcconfig */;
			buildSettings = {
				ASSETCATALOG_COMPILER_APPICON_NAME = AppIcon;
				CLANG_ENABLE_MODULES = YES;
				CODE_SIGN_ENTITLEMENTS = TI/TI.entitlements;
				CODE_SIGN_STYLE = Automatic;
				COMBINE_HIDPI_IMAGES = YES;
				INFOPLIST_FILE = TI/Info.plist;
				LD_RUNPATH_SEARCH_PATHS = (
					"$(inherited)",
					"@executable_path/../Frameworks",
				);
				PRODUCT_BUNDLE_IDENTIFIER = "com-ilyamordasov.TI";
				PRODUCT_NAME = "$(TARGET_NAME)";
				SWIFT_OBJC_BRIDGING_HEADER = "TI/TI-Bridging-Header.h";
				SWIFT_OPTIMIZATION_LEVEL = "-Onone";
				SWIFT_VERSION = 4.0;
			};
			name = Debug;
		};
		89A6E25C2114B276007687B8 /* Release */ = {
			isa = XCBuildConfiguration;
			baseConfigurationReference = 6CE3C885F05C2E94433989B0 /* Pods-TI.release.xcconfig */;
			buildSettings = {
				ASSETCATALOG_COMPILER_APPICON_NAME = AppIcon;
				CLANG_ENABLE_MODULES = YES;
				CODE_SIGN_ENTITLEMENTS = TI/TI.entitlements;
				CODE_SIGN_STYLE = Automatic;
				COMBINE_HIDPI_IMAGES = YES;
				INFOPLIST_FILE = TI/Info.plist;
				LD_RUNPATH_SEARCH_PATHS = (
					"$(inherited)",
					"@executable_path/../Frameworks",
				);
				PRODUCT_BUNDLE_IDENTIFIER = "com-ilyamordasov.TI";
				PRODUCT_NAME = "$(TARGET_NAME)";
				SWIFT_OBJC_BRIDGING_HEADER = "TI/TI-Bridging-Header.h";
				SWIFT_VERSION = 4.0;
			};
			name = Release;
		};
		89A6E25E2114B276007687B8 /* Debug */ = {
			isa = XCBuildConfiguration;
			buildSettings = {
				ALWAYS_EMBED_SWIFT_STANDARD_LIBRARIES = YES;
				BUNDLE_LOADER = "$(TEST_HOST)";
				CODE_SIGN_STYLE = Automatic;
				COMBINE_HIDPI_IMAGES = YES;
				INFOPLIST_FILE = TITests/Info.plist;
				LD_RUNPATH_SEARCH_PATHS = (
					"$(inherited)",
					"@executable_path/../Frameworks",
					"@loader_path/../Frameworks",
				);
				PRODUCT_BUNDLE_IDENTIFIER = "com-ilyamordasov.TITests";
				PRODUCT_NAME = "$(TARGET_NAME)";
				SWIFT_VERSION = 4.0;
				TEST_HOST = "$(BUILT_PRODUCTS_DIR)/TI.app/Contents/MacOS/TI";
			};
			name = Debug;
		};
		89A6E25F2114B276007687B8 /* Release */ = {
			isa = XCBuildConfiguration;
			buildSettings = {
				ALWAYS_EMBED_SWIFT_STANDARD_LIBRARIES = YES;
				BUNDLE_LOADER = "$(TEST_HOST)";
				CODE_SIGN_STYLE = Automatic;
				COMBINE_HIDPI_IMAGES = YES;
				INFOPLIST_FILE = TITests/Info.plist;
				LD_RUNPATH_SEARCH_PATHS = (
					"$(inherited)",
					"@executable_path/../Frameworks",
					"@loader_path/../Frameworks",
				);
				PRODUCT_BUNDLE_IDENTIFIER = "com-ilyamordasov.TITests";
				PRODUCT_NAME = "$(TARGET_NAME)";
				SWIFT_VERSION = 4.0;
				TEST_HOST = "$(BUILT_PRODUCTS_DIR)/TI.app/Contents/MacOS/TI";
			};
			name = Release;
		};
		89A6E2612114B276007687B8 /* Debug */ = {
			isa = XCBuildConfiguration;
			buildSettings = {
				ALWAYS_EMBED_SWIFT_STANDARD_LIBRARIES = YES;
				CODE_SIGN_STYLE = Automatic;
				COMBINE_HIDPI_IMAGES = YES;
				INFOPLIST_FILE = TIUITests/Info.plist;
				LD_RUNPATH_SEARCH_PATHS = (
					"$(inherited)",
					"@executable_path/../Frameworks",
					"@loader_path/../Frameworks",
				);
				PRODUCT_BUNDLE_IDENTIFIER = "com-ilyamordasov.TIUITests";
				PRODUCT_NAME = "$(TARGET_NAME)";
				SWIFT_VERSION = 4.0;
				TEST_TARGET_NAME = TI;
			};
			name = Debug;
		};
		89A6E2622114B276007687B8 /* Release */ = {
			isa = XCBuildConfiguration;
			buildSettings = {
				ALWAYS_EMBED_SWIFT_STANDARD_LIBRARIES = YES;
				CODE_SIGN_STYLE = Automatic;
				COMBINE_HIDPI_IMAGES = YES;
				INFOPLIST_FILE = TIUITests/Info.plist;
				LD_RUNPATH_SEARCH_PATHS = (
					"$(inherited)",
					"@executable_path/../Frameworks",
					"@loader_path/../Frameworks",
				);
				PRODUCT_BUNDLE_IDENTIFIER = "com-ilyamordasov.TIUITests";
				PRODUCT_NAME = "$(TARGET_NAME)";
				SWIFT_VERSION = 4.0;
				TEST_TARGET_NAME = TI;
			};
			name = Release;
		};
/* End XCBuildConfiguration section */

/* Begin XCConfigurationList section */
		89A6E22F2114B272007687B8 /* Build configuration list for PBXProject "TI" */ = {
			isa = XCConfigurationList;
			buildConfigurations = (
				89A6E2582114B276007687B8 /* Debug */,
				89A6E2592114B276007687B8 /* Release */,
			);
			defaultConfigurationIsVisible = 0;
			defaultConfigurationName = Release;
		};
		89A6E25A2114B276007687B8 /* Build configuration list for PBXNativeTarget "TI" */ = {
			isa = XCConfigurationList;
			buildConfigurations = (
				89A6E25B2114B276007687B8 /* Debug */,
				89A6E25C2114B276007687B8 /* Release */,
			);
			defaultConfigurationIsVisible = 0;
			defaultConfigurationName = Release;
		};
		89A6E25D2114B276007687B8 /* Build configuration list for PBXNativeTarget "TITests" */ = {
			isa = XCConfigurationList;
			buildConfigurations = (
				89A6E25E2114B276007687B8 /* Debug */,
				89A6E25F2114B276007687B8 /* Release */,
			);
			defaultConfigurationIsVisible = 0;
			defaultConfigurationName = Release;
		};
		89A6E2602114B276007687B8 /* Build configuration list for PBXNativeTarget "TIUITests" */ = {
			isa = XCConfigurationList;
			buildConfigurations = (
				89A6E2612114B276007687B8 /* Debug */,
				89A6E2622114B276007687B8 /* Release */,
			);
			defaultConfigurationIsVisible = 0;
			defaultConfigurationName = Release;
		};
/* End XCConfigurationList section */
	};
	rootObject = 89A6E22C2114B272007687B8 /* Project object */;
}
